
Microsoft Visual Studio Solution File, Format Version 12.00
# Visual Studio Version 17
Project("{2150E333-8FDC-42A3-9474-1A3956D46DE8}") = "CMake", "CMake", "{CDBA7091-84CE-39BA-9311-4728B0C082E9}"
EndProject
Project("{2150E333-8FDC-42A3-9474-1A3956D46DE8}") = "Examples", "Examples", "{76415792-A4FD-35CD-A466-B079D5A185EE}"
EndProject
Project("{2150E333-8FDC-42A3-9474-1A3956D46DE8}") = "SFML", "SFML", "{49B0B01A-B1D2-33C0-8BAC-9B09EB276685}"
EndProject
Project("{8BC9CEB8-8B4A-11D0-8D11-00A0C91BC942}") = "ALL_BUILD", "ALL_BUILD.vcxproj", "{420F739C-B70D-31D9-B00A-87A0A21E2883}"
	ProjectSection(ProjectDependencies) = postProject
		{5881024C-C56A-326F-8100-AE61D6EFBC88} = {5881024C-C56A-326F-8100-AE61D6EFBC88}
		{8FB4A0A5-4E82-33A1-A9FB-F5C9ACF3CDD3} = {8FB4A0A5-4E82-33A1-A9FB-F5C9ACF3CDD3}
		{C949FC1C-D942-35DF-859E-BE4999C5921F} = {C949FC1C-D942-35DF-859E-BE4999C5921F}
		{8B0C74A5-C1F5-30E3-A3E8-5662F9288569} = {8B0C74A5-C1F5-30E3-A3E8-5662F9288569}
		{25E2273D-D5A0-31D4-A22F-EDCB6FECB7AF} = {25E2273D-D5A0-31D4-A22F-EDCB6FECB7AF}
		{68323A53-C3C2-37A0-8B97-F1AF655D6D8A} = {68323A53-C3C2-37A0-8B97-F1AF655D6D8A}
		{32D6F25C-EA4F-366F-9370-8BBFBBD6C51D} = {32D6F25C-EA4F-366F-9370-8BBFBBD6C51D}
		{59766574-8126-3FF0-90F4-390F0ACCF7C1} = {59766574-8126-3FF0-90F4-390F0ACCF7C1}
		{E29B3E62-AD6D-31C5-8588-89C1F273249C} = {E29B3E62-AD6D-31C5-8588-89C1F273249C}
		{1B63A208-6613-3CD4-B72C-F7A145D32EA3} = {1B63A208-6613-3CD4-B72C-F7A145D32EA3}
		{27C6FADF-9C22-3209-9ADD-05FB946D9B01} = {27C6FADF-9C22-3209-9ADD-05FB946D9B01}
		{75555FA1-9603-3A40-9848-A6700595327A} = {75555FA1-9603-3A40-9848-A6700595327A}
		{E47606BA-23E1-3986-AC4A-F456AC8114C9} = {E47606BA-23E1-3986-AC4A-F456AC8114C9}
		{CE30C5C6-52EC-3EA1-8A91-A1E3B7652FD4} = {CE30C5C6-52EC-3EA1-8A91-A1E3B7652FD4}
		{5467CBCE-6E97-3EF4-B086-838EE406446D} = {5467CBCE-6E97-3EF4-B086-838EE406446D}
		{E5702965-E714-3851-8022-A8F284F6CFDF} = {E5702965-E714-3851-8022-A8F284F6CFDF}
		{5411977A-EF84-3A01-9C95-E03E55FEBB9D} = {5411977A-EF84-3A01-9C95-E03E55FEBB9D}
		{BC994148-937A-399B-8A4C-28C94D306E3F} = {BC994148-937A-399B-8A4C-28C94D306E3F}
		{3C128F8C-A890-319D-A80B-02C9AC053058} = {3C128F8C-A890-319D-A80B-02C9AC053058}
		{EAB40163-5842-3731-8358-A4D9D6C631D4} = {EAB40163-5842-3731-8358-A4D9D6C631D4}
	EndProjectSection
EndProject
Project("{8BC9CEB8-8B4A-11D0-8D11-00A0C91BC942}") = "INSTALL", "INSTALL.vcxproj", "{F5A3716A-601B-3193-A290-A5CBE4FF5A56}"
	ProjectSection(ProjectDependencies) = postProject
		{420F739C-B70D-31D9-B00A-87A0A21E2883} = {420F739C-B70D-31D9-B00A-87A0A21E2883}
		{5881024C-C56A-326F-8100-AE61D6EFBC88} = {5881024C-C56A-326F-8100-AE61D6EFBC88}
	EndProjectSection
EndProject
Project("{8BC9CEB8-8B4A-11D0-8D11-00A0C91BC942}") = "PACKAGE", "PACKAGE.vcxproj", "{B2CD44B6-3A9F-3D9A-84D4-BEBD0FB8EBC2}"
	ProjectSection(ProjectDependencies) = postProject
		{420F739C-B70D-31D9-B00A-87A0A21E2883} = {420F739C-B70D-31D9-B00A-87A0A21E2883}
		{5881024C-C56A-326F-8100-AE61D6EFBC88} = {5881024C-C56A-326F-8100-AE61D6EFBC88}
	EndProjectSection
EndProject
Project("{8BC9CEB8-8B4A-11D0-8D11-00A0C91BC942}") = "ZERO_CHECK", "ZERO_CHECK.vcxproj", "{5881024C-C56A-326F-8100-AE61D6EFBC88}"
	ProjectSection(ProjectDependencies) = postProject
	EndProjectSection
EndProject
Project("{8BC9CEB8-8B4A-11D0-8D11-00A0C91BC942}") = "ftp", "examples\ftp\ftp.vcxproj", "{8FB4A0A5-4E82-33A1-A9FB-F5C9ACF3CDD3}"
	ProjectSection(ProjectDependencies) = postProject
		{5881024C-C56A-326F-8100-AE61D6EFBC88} = {5881024C-C56A-326F-8100-AE61D6EFBC88}
		{E29B3E62-AD6D-31C5-8588-89C1F273249C} = {E29B3E62-AD6D-31C5-8588-89C1F273249C}
		{1B63A208-6613-3CD4-B72C-F7A145D32EA3} = {1B63A208-6613-3CD4-B72C-F7A145D32EA3}
	EndProjectSection
EndProject
Project("{8BC9CEB8-8B4A-11D0-8D11-00A0C91BC942}") = "island", "examples\island\island.vcxproj", "{C949FC1C-D942-35DF-859E-BE4999C5921F}"
	ProjectSection(ProjectDependencies) = postProject
		{5881024C-C56A-326F-8100-AE61D6EFBC88} = {5881024C-C56A-326F-8100-AE61D6EFBC88}
		{32D6F25C-EA4F-366F-9370-8BBFBBD6C51D} = {32D6F25C-EA4F-366F-9370-8BBFBBD6C51D}
		{1B63A208-6613-3CD4-B72C-F7A145D32EA3} = {1B63A208-6613-3CD4-B72C-F7A145D32EA3}
		{27C6FADF-9C22-3209-9ADD-05FB946D9B01} = {27C6FADF-9C22-3209-9ADD-05FB946D9B01}
	EndProjectSection
EndProject
Project("{8BC9CEB8-8B4A-11D0-8D11-00A0C91BC942}") = "joystick", "examples\joystick\joystick.vcxproj", "{8B0C74A5-C1F5-30E3-A3E8-5662F9288569}"
	ProjectSection(ProjectDependencies) = postProject
		{5881024C-C56A-326F-8100-AE61D6EFBC88} = {5881024C-C56A-326F-8100-AE61D6EFBC88}
		{32D6F25C-EA4F-366F-9370-8BBFBBD6C51D} = {32D6F25C-EA4F-366F-9370-8BBFBBD6C51D}
		{1B63A208-6613-3CD4-B72C-F7A145D32EA3} = {1B63A208-6613-3CD4-B72C-F7A145D32EA3}
		{27C6FADF-9C22-3209-9ADD-05FB946D9B01} = {27C6FADF-9C22-3209-9ADD-05FB946D9B01}
	EndProjectSection
EndProject
Project("{8BC9CEB8-8B4A-11D0-8D11-00A0C91BC942}") = "opengl", "examples\opengl\opengl.vcxproj", "{25E2273D-D5A0-31D4-A22F-EDCB6FECB7AF}"
	ProjectSection(ProjectDependencies) = postProject
		{5881024C-C56A-326F-8100-AE61D6EFBC88} = {5881024C-C56A-326F-8100-AE61D6EFBC88}
		{32D6F25C-EA4F-366F-9370-8BBFBBD6C51D} = {32D6F25C-EA4F-366F-9370-8BBFBBD6C51D}
		{1B63A208-6613-3CD4-B72C-F7A145D32EA3} = {1B63A208-6613-3CD4-B72C-F7A145D32EA3}
		{27C6FADF-9C22-3209-9ADD-05FB946D9B01} = {27C6FADF-9C22-3209-9ADD-05FB946D9B01}
	EndProjectSection
EndProject
Project("{8BC9CEB8-8B4A-11D0-8D11-00A0C91BC942}") = "sfml-audio", "src\SFML\Audio\sfml-audio.vcxproj", "{68323A53-C3C2-37A0-8B97-F1AF655D6D8A}"
	ProjectSection(ProjectDependencies) = postProject
		{5881024C-C56A-326F-8100-AE61D6EFBC88} = {5881024C-C56A-326F-8100-AE61D6EFBC88}
		{1B63A208-6613-3CD4-B72C-F7A145D32EA3} = {1B63A208-6613-3CD4-B72C-F7A145D32EA3}
	EndProjectSection
EndProject
Project("{8BC9CEB8-8B4A-11D0-8D11-00A0C91BC942}") = "sfml-graphics", "src\SFML\Graphics\sfml-graphics.vcxproj", "{32D6F25C-EA4F-366F-9370-8BBFBBD6C51D}"
	ProjectSection(ProjectDependencies) = postProject
		{5881024C-C56A-326F-8100-AE61D6EFBC88} = {5881024C-C56A-326F-8100-AE61D6EFBC88}
		{1B63A208-6613-3CD4-B72C-F7A145D32EA3} = {1B63A208-6613-3CD4-B72C-F7A145D32EA3}
		{27C6FADF-9C22-3209-9ADD-05FB946D9B01} = {27C6FADF-9C22-3209-9ADD-05FB946D9B01}
	EndProjectSection
EndProject
Project("{8BC9CEB8-8B4A-11D0-8D11-00A0C91BC942}") = "sfml-main", "src\SFML\Main\sfml-main.vcxproj", "{59766574-8126-3FF0-90F4-390F0ACCF7C1}"
	ProjectSection(ProjectDependencies) = postProject
		{5881024C-C56A-326F-8100-AE61D6EFBC88} = {5881024C-C56A-326F-8100-AE61D6EFBC88}
	EndProjectSection
EndProject
Project("{8BC9CEB8-8B4A-11D0-8D11-00A0C91BC942}") = "sfml-network", "src\SFML\Network\sfml-network.vcxproj", "{E29B3E62-AD6D-31C5-8588-89C1F273249C}"
	ProjectSection(ProjectDependencies) = postProject
		{5881024C-C56A-326F-8100-AE61D6EFBC88} = {5881024C-C56A-326F-8100-AE61D6EFBC88}
		{1B63A208-6613-3CD4-B72C-F7A145D32EA3} = {1B63A208-6613-3CD4-B72C-F7A145D32EA3}
	EndProjectSection
EndProject
Project("{8BC9CEB8-8B4A-11D0-8D11-00A0C91BC942}") = "sfml-system", "src\SFML\System\sfml-system.vcxproj", "{1B63A208-6613-3CD4-B72C-F7A145D32EA3}"
	ProjectSection(ProjectDependencies) = postProject
		{5881024C-C56A-326F-8100-AE61D6EFBC88} = {5881024C-C56A-326F-8100-AE61D6EFBC88}
	EndProjectSection
EndProject
Project("{8BC9CEB8-8B4A-11D0-8D11-00A0C91BC942}") = "sfml-window", "src\SFML\Window\sfml-window.vcxproj", "{27C6FADF-9C22-3209-9ADD-05FB946D9B01}"
	ProjectSection(ProjectDependencies) = postProject
		{5881024C-C56A-326F-8100-AE61D6EFBC88} = {5881024C-C56A-326F-8100-AE61D6EFBC88}
		{1B63A208-6613-3CD4-B72C-F7A145D32EA3} = {1B63A208-6613-3CD4-B72C-F7A145D32EA3}
	EndProjectSection
EndProject
Project("{8BC9CEB8-8B4A-11D0-8D11-00A0C91BC942}") = "shader", "examples\shader\shader.vcxproj", "{75555FA1-9603-3A40-9848-A6700595327A}"
	ProjectSection(ProjectDependencies) = postProject
		{5881024C-C56A-326F-8100-AE61D6EFBC88} = {5881024C-C56A-326F-8100-AE61D6EFBC88}
		{32D6F25C-EA4F-366F-9370-8BBFBBD6C51D} = {32D6F25C-EA4F-366F-9370-8BBFBBD6C51D}
		{1B63A208-6613-3CD4-B72C-F7A145D32EA3} = {1B63A208-6613-3CD4-B72C-F7A145D32EA3}
		{27C6FADF-9C22-3209-9ADD-05FB946D9B01} = {27C6FADF-9C22-3209-9ADD-05FB946D9B01}
	EndProjectSection
EndProject
Project("{8BC9CEB8-8B4A-11D0-8D11-00A0C91BC942}") = "sockets", "examples\sockets\sockets.vcxproj", "{E47606BA-23E1-3986-AC4A-F456AC8114C9}"
	ProjectSection(ProjectDependencies) = postProject
		{5881024C-C56A-326F-8100-AE61D6EFBC88} = {5881024C-C56A-326F-8100-AE61D6EFBC88}
		{E29B3E62-AD6D-31C5-8588-89C1F273249C} = {E29B3E62-AD6D-31C5-8588-89C1F273249C}
		{1B63A208-6613-3CD4-B72C-F7A145D32EA3} = {1B63A208-6613-3CD4-B72C-F7A145D32EA3}
	EndProjectSection
EndProject
Project("{8BC9CEB8-8B4A-11D0-8D11-00A0C91BC942}") = "sound", "examples\sound\sound.vcxproj", "{CE30C5C6-52EC-3EA1-8A91-A1E3B7652FD4}"
	ProjectSection(ProjectDependencies) = postProject
		{5881024C-C56A-326F-8100-AE61D6EFBC88} = {5881024C-C56A-326F-8100-AE61D6EFBC88}
		{68323A53-C3C2-37A0-8B97-F1AF655D6D8A} = {68323A53-C3C2-37A0-8B97-F1AF655D6D8A}
		{1B63A208-6613-3CD4-B72C-F7A145D32EA3} = {1B63A208-6613-3CD4-B72C-F7A145D32EA3}
	EndProjectSection
EndProject
Project("{8BC9CEB8-8B4A-11D0-8D11-00A0C91BC942}") = "sound-capture", "examples\sound_capture\sound-capture.vcxproj", "{5467CBCE-6E97-3EF4-B086-838EE406446D}"
	ProjectSection(ProjectDependencies) = postProject
		{5881024C-C56A-326F-8100-AE61D6EFBC88} = {5881024C-C56A-326F-8100-AE61D6EFBC88}
		{68323A53-C3C2-37A0-8B97-F1AF655D6D8A} = {68323A53-C3C2-37A0-8B97-F1AF655D6D8A}
		{1B63A208-6613-3CD4-B72C-F7A145D32EA3} = {1B63A208-6613-3CD4-B72C-F7A145D32EA3}
	EndProjectSection
EndProject
Project("{8BC9CEB8-8B4A-11D0-8D11-00A0C91BC942}") = "tennis", "examples\tennis\tennis.vcxproj", "{E5702965-E714-3851-8022-A8F284F6CFDF}"
	ProjectSection(ProjectDependencies) = postProject
		{5881024C-C56A-326F-8100-AE61D6EFBC88} = {5881024C-C56A-326F-8100-AE61D6EFBC88}
		{68323A53-C3C2-37A0-8B97-F1AF655D6D8A} = {68323A53-C3C2-37A0-8B97-F1AF655D6D8A}
		{32D6F25C-EA4F-366F-9370-8BBFBBD6C51D} = {32D6F25C-EA4F-366F-9370-8BBFBBD6C51D}
		{1B63A208-6613-3CD4-B72C-F7A145D32EA3} = {1B63A208-6613-3CD4-B72C-F7A145D32EA3}
		{27C6FADF-9C22-3209-9ADD-05FB946D9B01} = {27C6FADF-9C22-3209-9ADD-05FB946D9B01}
	EndProjectSection
EndProject
Project("{8BC9CEB8-8B4A-11D0-8D11-00A0C91BC942}") = "voip", "examples\voip\voip.vcxproj", "{5411977A-EF84-3A01-9C95-E03E55FEBB9D}"
	ProjectSection(ProjectDependencies) = postProject
		{5881024C-C56A-326F-8100-AE61D6EFBC88} = {5881024C-C56A-326F-8100-AE61D6EFBC88}
		{68323A53-C3C2-37A0-8B97-F1AF655D6D8A} = {68323A53-C3C2-37A0-8B97-F1AF655D6D8A}
		{E29B3E62-AD6D-31C5-8588-89C1F273249C} = {E29B3E62-AD6D-31C5-8588-89C1F273249C}
		{1B63A208-6613-3CD4-B72C-F7A145D32EA3} = {1B63A208-6613-3CD4-B72C-F7A145D32EA3}
	EndProjectSection
EndProject
Project("{8BC9CEB8-8B4A-11D0-8D11-00A0C91BC942}") = "vulkan", "examples\vulkan\vulkan.vcxproj", "{BC994148-937A-399B-8A4C-28C94D306E3F}"
	ProjectSection(ProjectDependencies) = postProject
		{5881024C-C56A-326F-8100-AE61D6EFBC88} = {5881024C-C56A-326F-8100-AE61D6EFBC88}
		{32D6F25C-EA4F-366F-9370-8BBFBBD6C51D} = {32D6F25C-EA4F-366F-9370-8BBFBBD6C51D}
		{1B63A208-6613-3CD4-B72C-F7A145D32EA3} = {1B63A208-6613-3CD4-B72C-F7A145D32EA3}
		{27C6FADF-9C22-3209-9ADD-05FB946D9B01} = {27C6FADF-9C22-3209-9ADD-05FB946D9B01}
	EndProjectSection
EndProject
Project("{8BC9CEB8-8B4A-11D0-8D11-00A0C91BC942}") = "win32", "examples\win32\win32.vcxproj", "{3C128F8C-A890-319D-A80B-02C9AC053058}"
	ProjectSection(ProjectDependencies) = postProject
		{5881024C-C56A-326F-8100-AE61D6EFBC88} = {5881024C-C56A-326F-8100-AE61D6EFBC88}
		{32D6F25C-EA4F-366F-9370-8BBFBBD6C51D} = {32D6F25C-EA4F-366F-9370-8BBFBBD6C51D}
		{1B63A208-6613-3CD4-B72C-F7A145D32EA3} = {1B63A208-6613-3CD4-B72C-F7A145D32EA3}
		{27C6FADF-9C22-3209-9ADD-05FB946D9B01} = {27C6FADF-9C22-3209-9ADD-05FB946D9B01}
	EndProjectSection
EndProject
Project("{8BC9CEB8-8B4A-11D0-8D11-00A0C91BC942}") = "window", "examples\window\window.vcxproj", "{EAB40163-5842-3731-8358-A4D9D6C631D4}"
	ProjectSection(ProjectDependencies) = postProject
		{5881024C-C56A-326F-8100-AE61D6EFBC88} = {5881024C-C56A-326F-8100-AE61D6EFBC88}
		{1B63A208-6613-3CD4-B72C-F7A145D32EA3} = {1B63A208-6613-3CD4-B72C-F7A145D32EA3}
		{27C6FADF-9C22-3209-9ADD-05FB946D9B01} = {27C6FADF-9C22-3209-9ADD-05FB946D9B01}
	EndProjectSection
EndProject
Global
	GlobalSection(SolutionConfigurationPlatforms) = preSolution
		Debug|Win32 = Debug|Win32
		Release|Win32 = Release|Win32
		MinSizeRel|Win32 = MinSizeRel|Win32
		RelWithDebInfo|Win32 = RelWithDebInfo|Win32
	EndGlobalSection
	GlobalSection(ProjectConfigurationPlatforms) = postSolution
		{420F739C-B70D-31D9-B00A-87A0A21E2883}.Debug|Win32.ActiveCfg = Debug|Win32
		{420F739C-B70D-31D9-B00A-87A0A21E2883}.Debug|Win32.Build.0 = Debug|Win32
		{420F739C-B70D-31D9-B00A-87A0A21E2883}.Release|Win32.ActiveCfg = Release|Win32
		{420F739C-B70D-31D9-B00A-87A0A21E2883}.Release|Win32.Build.0 = Release|Win32
		{420F739C-B70D-31D9-B00A-87A0A21E2883}.MinSizeRel|Win32.ActiveCfg = MinSizeRel|Win32
		{420F739C-B70D-31D9-B00A-87A0A21E2883}.MinSizeRel|Win32.Build.0 = MinSizeRel|Win32
		{420F739C-B70D-31D9-B00A-87A0A21E2883}.RelWithDebInfo|Win32.ActiveCfg = RelWithDebInfo|Win32
		{420F739C-B70D-31D9-B00A-87A0A21E2883}.RelWithDebInfo|Win32.Build.0 = RelWithDebInfo|Win32
		{F5A3716A-601B-3193-A290-A5CBE4FF5A56}.Debug|Win32.ActiveCfg = Debug|Win32
		{F5A3716A-601B-3193-A290-A5CBE4FF5A56}.Release|Win32.ActiveCfg = Release|Win32
		{F5A3716A-601B-3193-A290-A5CBE4FF5A56}.MinSizeRel|Win32.ActiveCfg = MinSizeRel|Win32
		{F5A3716A-601B-3193-A290-A5CBE4FF5A56}.RelWithDebInfo|Win32.ActiveCfg = RelWithDebInfo|Win32
		{B2CD44B6-3A9F-3D9A-84D4-BEBD0FB8EBC2}.Debug|Win32.ActiveCfg = Debug|Win32
		{B2CD44B6-3A9F-3D9A-84D4-BEBD0FB8EBC2}.Release|Win32.ActiveCfg = Release|Win32
		{B2CD44B6-3A9F-3D9A-84D4-BEBD0FB8EBC2}.MinSizeRel|Win32.ActiveCfg = MinSizeRel|Win32
		{B2CD44B6-3A9F-3D9A-84D4-BEBD0FB8EBC2}.RelWithDebInfo|Win32.ActiveCfg = RelWithDebInfo|Win32
		{5881024C-C56A-326F-8100-AE61D6EFBC88}.Debug|Win32.ActiveCfg = Debug|Win32
		{5881024C-C56A-326F-8100-AE61D6EFBC88}.Debug|Win32.Build.0 = Debug|Win32
		{5881024C-C56A-326F-8100-AE61D6EFBC88}.Release|Win32.ActiveCfg = Release|Win32
		{5881024C-C56A-326F-8100-AE61D6EFBC88}.Release|Win32.Build.0 = Release|Win32
		{5881024C-C56A-326F-8100-AE61D6EFBC88}.MinSizeRel|Win32.ActiveCfg = MinSizeRel|Win32
		{5881024C-C56A-326F-8100-AE61D6EFBC88}.MinSizeRel|Win32.Build.0 = MinSizeRel|Win32
		{5881024C-C56A-326F-8100-AE61D6EFBC88}.RelWithDebInfo|Win32.ActiveCfg = RelWithDebInfo|Win32
		{5881024C-C56A-326F-8100-AE61D6EFBC88}.RelWithDebInfo|Win32.Build.0 = RelWithDebInfo|Win32
		{8FB4A0A5-4E82-33A1-A9FB-F5C9ACF3CDD3}.Debug|Win32.ActiveCfg = Debug|Win32
		{8FB4A0A5-4E82-33A1-A9FB-F5C9ACF3CDD3}.Debug|Win32.Build.0 = Debug|Win32
		{8FB4A0A5-4E82-33A1-A9FB-F5C9ACF3CDD3}.Release|Win32.ActiveCfg = Release|Win32
		{8FB4A0A5-4E82-33A1-A9FB-F5C9ACF3CDD3}.Release|Win32.Build.0 = Release|Win32
		{8FB4A0A5-4E82-33A1-A9FB-F5C9ACF3CDD3}.MinSizeRel|Win32.ActiveCfg = MinSizeRel|Win32
		{8FB4A0A5-4E82-33A1-A9FB-F5C9ACF3CDD3}.MinSizeRel|Win32.Build.0 = MinSizeRel|Win32
		{8FB4A0A5-4E82-33A1-A9FB-F5C9ACF3CDD3}.RelWithDebInfo|Win32.ActiveCfg = RelWithDebInfo|Win32
		{8FB4A0A5-4E82-33A1-A9FB-F5C9ACF3CDD3}.RelWithDebInfo|Win32.Build.0 = RelWithDebInfo|Win32
		{C949FC1C-D942-35DF-859E-BE4999C5921F}.Debug|Win32.ActiveCfg = Debug|Win32
		{C949FC1C-D942-35DF-859E-BE4999C5921F}.Debug|Win32.Build.0 = Debug|Win32
		{C949FC1C-D942-35DF-859E-BE4999C5921F}.Release|Win32.ActiveCfg = Release|Win32
		{C949FC1C-D942-35DF-859E-BE4999C5921F}.Release|Win32.Build.0 = Release|Win32
		{C949FC1C-D942-35DF-859E-BE4999C5921F}.MinSizeRel|Win32.ActiveCfg = MinSizeRel|Win32
		{C949FC1C-D942-35DF-859E-BE4999C5921F}.MinSizeRel|Win32.Build.0 = MinSizeRel|Win32
		{C949FC1C-D942-35DF-859E-BE4999C5921F}.RelWithDebInfo|Win32.ActiveCfg = RelWithDebInfo|Win32
		{C949FC1C-D942-35DF-859E-BE4999C5921F}.RelWithDebInfo|Win32.Build.0 = RelWithDebInfo|Win32
		{8B0C74A5-C1F5-30E3-A3E8-5662F9288569}.Debug|Win32.ActiveCfg = Debug|Win32
		{8B0C74A5-C1F5-30E3-A3E8-5662F9288569}.Debug|Win32.Build.0 = Debug|Win32
		{8B0C74A5-C1F5-30E3-A3E8-5662F9288569}.Release|Win32.ActiveCfg = Release|Win32
		{8B0C74A5-C1F5-30E3-A3E8-5662F9288569}.Release|Win32.Build.0 = Release|Win32
		{8B0C74A5-C1F5-30E3-A3E8-5662F9288569}.MinSizeRel|Win32.ActiveCfg = MinSizeRel|Win32
		{8B0C74A5-C1F5-30E3-A3E8-5662F9288569}.MinSizeRel|Win32.Build.0 = MinSizeRel|Win32
		{8B0C74A5-C1F5-30E3-A3E8-5662F9288569}.RelWithDebInfo|Win32.ActiveCfg = RelWithDebInfo|Win32
		{8B0C74A5-C1F5-30E3-A3E8-5662F9288569}.RelWithDebInfo|Win32.Build.0 = RelWithDebInfo|Win32
		{25E2273D-D5A0-31D4-A22F-EDCB6FECB7AF}.Debug|Win32.ActiveCfg = Debug|Win32
		{25E2273D-D5A0-31D4-A22F-EDCB6FECB7AF}.Debug|Win32.Build.0 = Debug|Win32
		{25E2273D-D5A0-31D4-A22F-EDCB6FECB7AF}.Release|Win32.ActiveCfg = Release|Win32
		{25E2273D-D5A0-31D4-A22F-EDCB6FECB7AF}.Release|Win32.Build.0 = Release|Win32
		{25E2273D-D5A0-31D4-A22F-EDCB6FECB7AF}.MinSizeRel|Win32.ActiveCfg = MinSizeRel|Win32
		{25E2273D-D5A0-31D4-A22F-EDCB6FECB7AF}.MinSizeRel|Win32.Build.0 = MinSizeRel|Win32
		{25E2273D-D5A0-31D4-A22F-EDCB6FECB7AF}.RelWithDebInfo|Win32.ActiveCfg = RelWithDebInfo|Win32
		{25E2273D-D5A0-31D4-A22F-EDCB6FECB7AF}.RelWithDebInfo|Win32.Build.0 = RelWithDebInfo|Win32
		{68323A53-C3C2-37A0-8B97-F1AF655D6D8A}.Debug|Win32.ActiveCfg = Debug|Win32
		{68323A53-C3C2-37A0-8B97-F1AF655D6D8A}.Debug|Win32.Build.0 = Debug|Win32
		{68323A53-C3C2-37A0-8B97-F1AF655D6D8A}.Release|Win32.ActiveCfg = Release|Win32
		{68323A53-C3C2-37A0-8B97-F1AF655D6D8A}.Release|Win32.Build.0 = Release|Win32
		{68323A53-C3C2-37A0-8B97-F1AF655D6D8A}.MinSizeRel|Win32.ActiveCfg = MinSizeRel|Win32
		{68323A53-C3C2-37A0-8B97-F1AF655D6D8A}.MinSizeRel|Win32.Build.0 = MinSizeRel|Win32
		{68323A53-C3C2-37A0-8B97-F1AF655D6D8A}.RelWithDebInfo|Win32.ActiveCfg = RelWithDebInfo|Win32
		{68323A53-C3C2-37A0-8B97-F1AF655D6D8A}.RelWithDebInfo|Win32.Build.0 = RelWithDebInfo|Win32
		{32D6F25C-EA4F-366F-9370-8BBFBBD6C51D}.Debug|Win32.ActiveCfg = Debug|Win32
		{32D6F25C-EA4F-366F-9370-8BBFBBD6C51D}.Debug|Win32.Build.0 = Debug|Win32
		{32D6F25C-EA4F-366F-9370-8BBFBBD6C51D}.Release|Win32.ActiveCfg = Release|Win32
		{32D6F25C-EA4F-366F-9370-8BBFBBD6C51D}.Release|Win32.Build.0 = Release|Win32
		{32D6F25C-EA4F-366F-9370-8BBFBBD6C51D}.MinSizeRel|Win32.ActiveCfg = MinSizeRel|Win32
		{32D6F25C-EA4F-366F-9370-8BBFBBD6C51D}.MinSizeRel|Win32.Build.0 = MinSizeRel|Win32
		{32D6F25C-EA4F-366F-9370-8BBFBBD6C51D}.RelWithDebInfo|Win32.ActiveCfg = RelWithDebInfo|Win32
		{32D6F25C-EA4F-366F-9370-8BBFBBD6C51D}.RelWithDebInfo|Win32.Build.0 = RelWithDebInfo|Win32
		{59766574-8126-3FF0-90F4-390F0ACCF7C1}.Debug|Win32.ActiveCfg = Debug|Win32
		{59766574-8126-3FF0-90F4-390F0ACCF7C1}.Debug|Win32.Build.0 = Debug|Win32
		{59766574-8126-3FF0-90F4-390F0ACCF7C1}.Release|Win32.ActiveCfg = Release|Win32
		{59766574-8126-3FF0-90F4-390F0ACCF7C1}.Release|Win32.Build.0 = Release|Win32
		{59766574-8126-3FF0-90F4-390F0ACCF7C1}.MinSizeRel|Win32.ActiveCfg = MinSizeRel|Win32
		{59766574-8126-3FF0-90F4-390F0ACCF7C1}.MinSizeRel|Win32.Build.0 = MinSizeRel|Win32
		{59766574-8126-3FF0-90F4-390F0ACCF7C1}.RelWithDebInfo|Win32.ActiveCfg = RelWithDebInfo|Win32
		{59766574-8126-3FF0-90F4-390F0ACCF7C1}.RelWithDebInfo|Win32.Build.0 = RelWithDebInfo|Win32
		{E29B3E62-AD6D-31C5-8588-89C1F273249C}.Debug|Win32.ActiveCfg = Debug|Win32
		{E29B3E62-AD6D-31C5-8588-89C1F273249C}.Debug|Win32.Build.0 = Debug|Win32
		{E29B3E62-AD6D-31C5-8588-89C1F273249C}.Release|Win32.ActiveCfg = Release|Win32
		{E29B3E62-AD6D-31C5-8588-89C1F273249C}.Release|Win32.Build.0 = Release|Win32
		{E29B3E62-AD6D-31C5-8588-89C1F273249C}.MinSizeRel|Win32.ActiveCfg = MinSizeRel|Win32
		{E29B3E62-AD6D-31C5-8588-89C1F273249C}.MinSizeRel|Win32.Build.0 = MinSizeRel|Win32
		{E29B3E62-AD6D-31C5-8588-89C1F273249C}.RelWithDebInfo|Win32.ActiveCfg = RelWithDebInfo|Win32
		{E29B3E62-AD6D-31C5-8588-89C1F273249C}.RelWithDebInfo|Win32.Build.0 = RelWithDebInfo|Win32
		{1B63A208-6613-3CD4-B72C-F7A145D32EA3}.Debug|Win32.ActiveCfg = Debug|Win32
		{1B63A208-6613-3CD4-B72C-F7A145D32EA3}.Debug|Win32.Build.0 = Debug|Win32
		{1B63A208-6613-3CD4-B72C-F7A145D32EA3}.Release|Win32.ActiveCfg = Release|Win32
		{1B63A208-6613-3CD4-B72C-F7A145D32EA3}.Release|Win32.Build.0 = Release|Win32
		{1B63A208-6613-3CD4-B72C-F7A145D32EA3}.MinSizeRel|Win32.ActiveCfg = MinSizeRel|Win32
		{1B63A208-6613-3CD4-B72C-F7A145D32EA3}.MinSizeRel|Win32.Build.0 = MinSizeRel|Win32
		{1B63A208-6613-3CD4-B72C-F7A145D32EA3}.RelWithDebInfo|Win32.ActiveCfg = RelWithDebInfo|Win32
		{1B63A208-6613-3CD4-B72C-F7A145D32EA3}.RelWithDebInfo|Win32.Build.0 = RelWithDebInfo|Win32
		{27C6FADF-9C22-3209-9ADD-05FB946D9B01}.Debug|Win32.ActiveCfg = Debug|Win32
		{27C6FADF-9C22-3209-9ADD-05FB946D9B01}.Debug|Win32.Build.0 = Debug|Win32
		{27C6FADF-9C22-3209-9ADD-05FB946D9B01}.Release|Win32.ActiveCfg = Release|Win32
		{27C6FADF-9C22-3209-9ADD-05FB946D9B01}.Release|Win32.Build.0 = Release|Win32
		{27C6FADF-9C22-3209-9ADD-05FB946D9B01}.MinSizeRel|Win32.ActiveCfg = MinSizeRel|Win32
		{27C6FADF-9C22-3209-9ADD-05FB946D9B01}.MinSizeRel|Win32.Build.0 = MinSizeRel|Win32
		{27C6FADF-9C22-3209-9ADD-05FB946D9B01}.RelWithDebInfo|Win32.ActiveCfg = RelWithDebInfo|Win32
		{27C6FADF-9C22-3209-9ADD-05FB946D9B01}.RelWithDebInfo|Win32.Build.0 = RelWithDebInfo|Win32
		{75555FA1-9603-3A40-9848-A6700595327A}.Debug|Win32.ActiveCfg = Debug|Win32
		{75555FA1-9603-3A40-9848-A6700595327A}.Debug|Win32.Build.0 = Debug|Win32
		{75555FA1-9603-3A40-9848-A6700595327A}.Release|Win32.ActiveCfg = Release|Win32
		{75555FA1-9603-3A40-9848-A6700595327A}.Release|Win32.Build.0 = Release|Win32
		{75555FA1-9603-3A40-9848-A6700595327A}.MinSizeRel|Win32.ActiveCfg = MinSizeRel|Win32
		{75555FA1-9603-3A40-9848-A6700595327A}.MinSizeRel|Win32.Build.0 = MinSizeRel|Win32
		{75555FA1-9603-3A40-9848-A6700595327A}.RelWithDebInfo|Win32.ActiveCfg = RelWithDebInfo|Win32
		{75555FA1-9603-3A40-9848-A6700595327A}.RelWithDebInfo|Win32.Build.0 = RelWithDebInfo|Win32
		{E47606BA-23E1-3986-AC4A-F456AC8114C9}.Debug|Win32.ActiveCfg = Debug|Win32
		{E47606BA-23E1-3986-AC4A-F456AC8114C9}.Debug|Win32.Build.0 = Debug|Win32
		{E47606BA-23E1-3986-AC4A-F456AC8114C9}.Release|Win32.ActiveCfg = Release|Win32
		{E47606BA-23E1-3986-AC4A-F456AC8114C9}.Release|Win32.Build.0 = Release|Win32
		{E47606BA-23E1-3986-AC4A-F456AC8114C9}.MinSizeRel|Win32.ActiveCfg = MinSizeRel|Win32
		{E47606BA-23E1-3986-AC4A-F456AC8114C9}.MinSizeRel|Win32.Build.0 = MinSizeRel|Win32
		{E47606BA-23E1-3986-AC4A-F456AC8114C9}.RelWithDebInfo|Win32.ActiveCfg = RelWithDebInfo|Win32
		{E47606BA-23E1-3986-AC4A-F456AC8114C9}.RelWithDebInfo|Win32.Build.0 = RelWithDebInfo|Win32
		{CE30C5C6-52EC-3EA1-8A91-A1E3B7652FD4}.Debug|Win32.ActiveCfg = Debug|Win32
		{CE30C5C6-52EC-3EA1-8A91-A1E3B7652FD4}.Debug|Win32.Build.0 = Debug|Win32
		{CE30C5C6-52EC-3EA1-8A91-A1E3B7652FD4}.Release|Win32.ActiveCfg = Release|Win32
		{CE30C5C6-52EC-3EA1-8A91-A1E3B7652FD4}.Release|Win32.Build.0 = Release|Win32
		{CE30C5C6-52EC-3EA1-8A91-A1E3B7652FD4}.MinSizeRel|Win32.ActiveCfg = MinSizeRel|Win32
		{CE30C5C6-52EC-3EA1-8A91-A1E3B7652FD4}.MinSizeRel|Win32.Build.0 = MinSizeRel|Win32
		{CE30C5C6-52EC-3EA1-8A91-A1E3B7652FD4}.RelWithDebInfo|Win32.ActiveCfg = RelWithDebInfo|Win32
		{CE30C5C6-52EC-3EA1-8A91-A1E3B7652FD4}.RelWithDebInfo|Win32.Build.0 = RelWithDebInfo|Win32
		{5467CBCE-6E97-3EF4-B086-838EE406446D}.Debug|Win32.ActiveCfg = Debug|Win32
		{5467CBCE-6E97-3EF4-B086-838EE406446D}.Debug|Win32.Build.0 = Debug|Win32
		{5467CBCE-6E97-3EF4-B086-838EE406446D}.Release|Win32.ActiveCfg = Release|Win32
		{5467CBCE-6E97-3EF4-B086-838EE406446D}.Release|Win32.Build.0 = Release|Win32
		{5467CBCE-6E97-3EF4-B086-838EE406446D}.MinSizeRel|Win32.ActiveCfg = MinSizeRel|Win32
		{5467CBCE-6E97-3EF4-B086-838EE406446D}.MinSizeRel|Win32.Build.0 = MinSizeRel|Win32
		{5467CBCE-6E97-3EF4-B086-838EE406446D}.RelWithDebInfo|Win32.ActiveCfg = RelWithDebInfo|Win32
		{5467CBCE-6E97-3EF4-B086-838EE406446D}.RelWithDebInfo|Win32.Build.0 = RelWithDebInfo|Win32
		{E5702965-E714-3851-8022-A8F284F6CFDF}.Debug|Win32.ActiveCfg = Debug|Win32
		{E5702965-E714-3851-8022-A8F284F6CFDF}.Debug|Win32.Build.0 = Debug|Win32
		{E5702965-E714-3851-8022-A8F284F6CFDF}.Release|Win32.ActiveCfg = Release|Win32
		{E5702965-E714-3851-8022-A8F284F6CFDF}.Release|Win32.Build.0 = Release|Win32
		{E5702965-E714-3851-8022-A8F284F6CFDF}.MinSizeRel|Win32.ActiveCfg = MinSizeRel|Win32
		{E5702965-E714-3851-8022-A8F284F6CFDF}.MinSizeRel|Win32.Build.0 = MinSizeRel|Win32
		{E5702965-E714-3851-8022-A8F284F6CFDF}.RelWithDebInfo|Win32.ActiveCfg = RelWithDebInfo|Win32
		{E5702965-E714-3851-8022-A8F284F6CFDF}.RelWithDebInfo|Win32.Build.0 = RelWithDebInfo|Win32
		{5411977A-EF84-3A01-9C95-E03E55FEBB9D}.Debug|Win32.ActiveCfg = Debug|Win32
		{5411977A-EF84-3A01-9C95-E03E55FEBB9D}.Debug|Win32.Build.0 = Debug|Win32
		{5411977A-EF84-3A01-9C95-E03E55FEBB9D}.Release|Win32.ActiveCfg = Release|Win32
		{5411977A-EF84-3A01-9C95-E03E55FEBB9D}.Release|Win32.Build.0 = Release|Win32
		{5411977A-EF84-3A01-9C95-E03E55FEBB9D}.MinSizeRel|Win32.ActiveCfg = MinSizeRel|Win32
		{5411977A-EF84-3A01-9C95-E03E55FEBB9D}.MinSizeRel|Win32.Build.0 = MinSizeRel|Win32
		{5411977A-EF84-3A01-9C95-E03E55FEBB9D}.RelWithDebInfo|Win32.ActiveCfg = RelWithDebInfo|Win32
		{5411977A-EF84-3A01-9C95-E03E55FEBB9D}.RelWithDebInfo|Win32.Build.0 = RelWithDebInfo|Win32
		{BC994148-937A-399B-8A4C-28C94D306E3F}.Debug|Win32.ActiveCfg = Debug|Win32
		{BC994148-937A-399B-8A4C-28C94D306E3F}.Debug|Win32.Build.0 = Debug|Win32
		{BC994148-937A-399B-8A4C-28C94D306E3F}.Release|Win32.ActiveCfg = Release|Win32
		{BC994148-937A-399B-8A4C-28C94D306E3F}.Release|Win32.Build.0 = Release|Win32
		{BC994148-937A-399B-8A4C-28C94D306E3F}.MinSizeRel|Win32.ActiveCfg = MinSizeRel|Win32
		{BC994148-937A-399B-8A4C-28C94D306E3F}.MinSizeRel|Win32.Build.0 = MinSizeRel|Win32
		{BC994148-937A-399B-8A4C-28C94D306E3F}.RelWithDebInfo|Win32.ActiveCfg = RelWithDebInfo|Win32
		{BC994148-937A-399B-8A4C-28C94D306E3F}.RelWithDebInfo|Win32.Build.0 = RelWithDebInfo|Win32
		{3C128F8C-A890-319D-A80B-02C9AC053058}.Debug|Win32.ActiveCfg = Debug|Win32
		{3C128F8C-A890-319D-A80B-02C9AC053058}.Debug|Win32.Build.0 = Debug|Win32
		{3C128F8C-A890-319D-A80B-02C9AC053058}.Release|Win32.ActiveCfg = Release|Win32
		{3C128F8C-A890-319D-A80B-02C9AC053058}.Release|Win32.Build.0 = Release|Win32
		{3C128F8C-A890-319D-A80B-02C9AC053058}.MinSizeRel|Win32.ActiveCfg = MinSizeRel|Win32
		{3C128F8C-A890-319D-A80B-02C9AC053058}.MinSizeRel|Win32.Build.0 = MinSizeRel|Win32
		{3C128F8C-A890-319D-A80B-02C9AC053058}.RelWithDebInfo|Win32.ActiveCfg = RelWithDebInfo|Win32
		{3C128F8C-A890-319D-A80B-02C9AC053058}.RelWithDebInfo|Win32.Build.0 = RelWithDebInfo|Win32
		{EAB40163-5842-3731-8358-A4D9D6C631D4}.Debug|Win32.ActiveCfg = Debug|Win32
		{EAB40163-5842-3731-8358-A4D9D6C631D4}.Debug|Win32.Build.0 = Debug|Win32
		{EAB40163-5842-3731-8358-A4D9D6C631D4}.Release|Win32.ActiveCfg = Release|Win32
		{EAB40163-5842-3731-8358-A4D9D6C631D4}.Release|Win32.Build.0 = Release|Win32
		{EAB40163-5842-3731-8358-A4D9D6C631D4}.MinSizeRel|Win32.ActiveCfg = MinSizeRel|Win32
		{EAB40163-5842-3731-8358-A4D9D6C631D4}.MinSizeRel|Win32.Build.0 = MinSizeRel|Win32
		{EAB40163-5842-3731-8358-A4D9D6C631D4}.RelWithDebInfo|Win32.ActiveCfg = RelWithDebInfo|Win32
		{EAB40163-5842-3731-8358-A4D9D6C631D4}.RelWithDebInfo|Win32.Build.0 = RelWithDebInfo|Win32
	EndGlobalSection
	GlobalSection(NestedProjects) = preSolution
		{420F739C-B70D-31D9-B00A-87A0A21E2883} = {CDBA7091-84CE-39BA-9311-4728B0C082E9}
		{F5A3716A-601B-3193-A290-A5CBE4FF5A56} = {CDBA7091-84CE-39BA-9311-4728B0C082E9}
		{B2CD44B6-3A9F-3D9A-84D4-BEBD0FB8EBC2} = {CDBA7091-84CE-39BA-9311-4728B0C082E9}
		{5881024C-C56A-326F-8100-AE61D6EFBC88} = {CDBA7091-84CE-39BA-9311-4728B0C082E9}
		{8FB4A0A5-4E82-33A1-A9FB-F5C9ACF3CDD3} = {76415792-A4FD-35CD-A466-B079D5A185EE}
		{C949FC1C-D942-35DF-859E-BE4999C5921F} = {76415792-A4FD-35CD-A466-B079D5A185EE}
		{8B0C74A5-C1F5-30E3-A3E8-5662F9288569} = {76415792-A4FD-35CD-A466-B079D5A185EE}
		{25E2273D-D5A0-31D4-A22F-EDCB6FECB7AF} = {76415792-A4FD-35CD-A466-B079D5A185EE}
		{75555FA1-9603-3A40-9848-A6700595327A} = {76415792-A4FD-35CD-A466-B079D5A185EE}
		{E47606BA-23E1-3986-AC4A-F456AC8114C9} = {76415792-A4FD-35CD-A466-B079D5A185EE}
		{CE30C5C6-52EC-3EA1-8A91-A1E3B7652FD4} = {76415792-A4FD-35CD-A466-B079D5A185EE}
		{5467CBCE-6E97-3EF4-B086-838EE406446D} = {76415792-A4FD-35CD-A466-B079D5A185EE}
		{E5702965-E714-3851-8022-A8F284F6CFDF} = {76415792-A4FD-35CD-A466-B079D5A185EE}
		{5411977A-EF84-3A01-9C95-E03E55FEBB9D} = {76415792-A4FD-35CD-A466-B079D5A185EE}
		{BC994148-937A-399B-8A4C-28C94D306E3F} = {76415792-A4FD-35CD-A466-B079D5A185EE}
		{3C128F8C-A890-319D-A80B-02C9AC053058} = {76415792-A4FD-35CD-A466-B079D5A185EE}
		{EAB40163-5842-3731-8358-A4D9D6C631D4} = {76415792-A4FD-35CD-A466-B079D5A185EE}
		{68323A53-C3C2-37A0-8B97-F1AF655D6D8A} = {49B0B01A-B1D2-33C0-8BAC-9B09EB276685}
		{32D6F25C-EA4F-366F-9370-8BBFBBD6C51D} = {49B0B01A-B1D2-33C0-8BAC-9B09EB276685}
		{59766574-8126-3FF0-90F4-390F0ACCF7C1} = {49B0B01A-B1D2-33C0-8BAC-9B09EB276685}
		{E29B3E62-AD6D-31C5-8588-89C1F273249C} = {49B0B01A-B1D2-33C0-8BAC-9B09EB276685}
		{1B63A208-6613-3CD4-B72C-F7A145D32EA3} = {49B0B01A-B1D2-33C0-8BAC-9B09EB276685}
		{27C6FADF-9C22-3209-9ADD-05FB946D9B01} = {49B0B01A-B1D2-33C0-8BAC-9B09EB276685}
	EndGlobalSection
	GlobalSection(ExtensibilityGlobals) = postSolution
		SolutionGuid = {8610899D-5DBD-337B-954F-BB0D9F82FF55}
	EndGlobalSection
	GlobalSection(ExtensibilityAddIns) = postSolution
	EndGlobalSection
EndGlobal
