<?xml version="1.0" encoding="utf-8"?>
<Project ToolsVersion="17.0" xmlns="http://schemas.microsoft.com/developer/msbuild/2003">
  <ItemGroup>
    <CustomBuild Include="C:\Users\OlehDvyhan\Downloads\SFML-2.6.0-slns\x86-s\CMakeFiles\a2f93b3f08fb9716e1a0a6f068a40e21\PACKAGE_force.rule">
      <Filter>CMake Rules</Filter>
    </CustomBuild>
  </ItemGroup>
  <ItemGroup>
    <Filter Include="CMake Rules">
      <UniqueIdentifier>{839FDCB8-3FED-3135-84F3-E030B5CE9EFA}</UniqueIdentifier>
    </Filter>
  </ItemGroup>
</Project>
