
Microsoft Visual Studio Solution File, Format Version 12.00
# Visual Studio Version 17
Project("{2150E333-8FDC-42A3-9474-1A3956D46DE8}") = "CMake", "CMake", "{3D03FADB-370C-337E-8607-CF7524F495EE}"
EndProject
Project("{2150E333-8FDC-42A3-9474-1A3956D46DE8}") = "Examples", "Examples", "{7AD1A3AB-6C7D-333D-A234-7A95C4F646FF}"
EndProject
Project("{2150E333-8FDC-42A3-9474-1A3956D46DE8}") = "SFML", "SFML", "{D60C6208-43DF-3851-A5A5-E8755C2EFA88}"
EndProject
Project("{8BC9CEB8-8B4A-11D0-8D11-00A0C91BC942}") = "ALL_BUILD", "ALL_BUILD.vcxproj", "{6ED19E5A-A5F6-3364-9C33-023739472225}"
	ProjectSection(ProjectDependencies) = postProject
		{D500C64D-2EDB-31E7-BA20-D251B73C3921} = {D500C64D-2EDB-31E7-BA20-D251B73C3921}
		{8C7471B4-C86F-3F79-96A6-A27BA542E46F} = {8C7471B4-C86F-3F79-96A6-A27BA542E46F}
		{E63A9B38-9D89-32FB-B5D4-B25FB44DBEFE} = {E63A9B38-9D89-32FB-B5D4-B25FB44DBEFE}
		{5BF9A935-1A80-3142-8CAC-EAE5811C6683} = {5BF9A935-1A80-3142-8CAC-EAE5811C6683}
		{29E9430E-D6F1-3979-9154-18A137819E9E} = {29E9430E-D6F1-3979-9154-18A137819E9E}
		{DAA7FE42-CDE7-33EA-9BFC-B810FF9AA9BD} = {DAA7FE42-CDE7-33EA-9BFC-B810FF9AA9BD}
		{906E900D-7DD9-3121-B6B1-32214C026349} = {906E900D-7DD9-3121-B6B1-32214C026349}
		{268D747D-7451-31AF-964A-89099BBB5C15} = {268D747D-7451-31AF-964A-89099BBB5C15}
		{473EF0ED-EF3C-353D-AAC0-3A6A016D3CF5} = {473EF0ED-EF3C-353D-AAC0-3A6A016D3CF5}
		{05CAEBC9-A21B-34CA-9D14-407B4F4D7A98} = {05CAEBC9-A21B-34CA-9D14-407B4F4D7A98}
		{599EF617-AFDF-37E3-9A4B-C69E63F56D51} = {599EF617-AFDF-37E3-9A4B-C69E63F56D51}
		{8F5DE7EA-E139-3D0A-85CA-83665732C4F7} = {8F5DE7EA-E139-3D0A-85CA-83665732C4F7}
		{B4C9290A-4F7C-31C5-9212-CEE0A1C873A2} = {B4C9290A-4F7C-31C5-9212-CEE0A1C873A2}
		{53D13035-E356-35C1-BFF9-63C1D56519D8} = {53D13035-E356-35C1-BFF9-63C1D56519D8}
		{CBD65079-7B40-3E7B-980A-881A81A3D672} = {CBD65079-7B40-3E7B-980A-881A81A3D672}
		{2DD97131-AA65-3164-8B6C-561C18FE36E4} = {2DD97131-AA65-3164-8B6C-561C18FE36E4}
		{5C498840-5831-397B-89A1-6450AEA2BBC5} = {5C498840-5831-397B-89A1-6450AEA2BBC5}
		{D0170DB2-6569-3697-9615-15CD19272D60} = {D0170DB2-6569-3697-9615-15CD19272D60}
		{0C7F501C-2103-3DCE-BE08-15E8BF4C1591} = {0C7F501C-2103-3DCE-BE08-15E8BF4C1591}
		{C10EFE5C-F493-362C-8841-BAE095BB8BC2} = {C10EFE5C-F493-362C-8841-BAE095BB8BC2}
	EndProjectSection
EndProject
Project("{8BC9CEB8-8B4A-11D0-8D11-00A0C91BC942}") = "INSTALL", "INSTALL.vcxproj", "{AF2EE11F-1D6B-37F1-82CC-B955B275D44B}"
	ProjectSection(ProjectDependencies) = postProject
		{6ED19E5A-A5F6-3364-9C33-023739472225} = {6ED19E5A-A5F6-3364-9C33-023739472225}
		{D500C64D-2EDB-31E7-BA20-D251B73C3921} = {D500C64D-2EDB-31E7-BA20-D251B73C3921}
	EndProjectSection
EndProject
Project("{8BC9CEB8-8B4A-11D0-8D11-00A0C91BC942}") = "PACKAGE", "PACKAGE.vcxproj", "{3DB7ED1A-460E-36D8-9DBC-B9EEDBAAB6F3}"
	ProjectSection(ProjectDependencies) = postProject
		{6ED19E5A-A5F6-3364-9C33-023739472225} = {6ED19E5A-A5F6-3364-9C33-023739472225}
		{D500C64D-2EDB-31E7-BA20-D251B73C3921} = {D500C64D-2EDB-31E7-BA20-D251B73C3921}
	EndProjectSection
EndProject
Project("{8BC9CEB8-8B4A-11D0-8D11-00A0C91BC942}") = "ZERO_CHECK", "ZERO_CHECK.vcxproj", "{D500C64D-2EDB-31E7-BA20-D251B73C3921}"
	ProjectSection(ProjectDependencies) = postProject
	EndProjectSection
EndProject
Project("{8BC9CEB8-8B4A-11D0-8D11-00A0C91BC942}") = "ftp", "examples\ftp\ftp.vcxproj", "{8C7471B4-C86F-3F79-96A6-A27BA542E46F}"
	ProjectSection(ProjectDependencies) = postProject
		{D500C64D-2EDB-31E7-BA20-D251B73C3921} = {D500C64D-2EDB-31E7-BA20-D251B73C3921}
		{473EF0ED-EF3C-353D-AAC0-3A6A016D3CF5} = {473EF0ED-EF3C-353D-AAC0-3A6A016D3CF5}
		{05CAEBC9-A21B-34CA-9D14-407B4F4D7A98} = {05CAEBC9-A21B-34CA-9D14-407B4F4D7A98}
	EndProjectSection
EndProject
Project("{8BC9CEB8-8B4A-11D0-8D11-00A0C91BC942}") = "island", "examples\island\island.vcxproj", "{E63A9B38-9D89-32FB-B5D4-B25FB44DBEFE}"
	ProjectSection(ProjectDependencies) = postProject
		{D500C64D-2EDB-31E7-BA20-D251B73C3921} = {D500C64D-2EDB-31E7-BA20-D251B73C3921}
		{906E900D-7DD9-3121-B6B1-32214C026349} = {906E900D-7DD9-3121-B6B1-32214C026349}
		{05CAEBC9-A21B-34CA-9D14-407B4F4D7A98} = {05CAEBC9-A21B-34CA-9D14-407B4F4D7A98}
		{599EF617-AFDF-37E3-9A4B-C69E63F56D51} = {599EF617-AFDF-37E3-9A4B-C69E63F56D51}
	EndProjectSection
EndProject
Project("{8BC9CEB8-8B4A-11D0-8D11-00A0C91BC942}") = "joystick", "examples\joystick\joystick.vcxproj", "{5BF9A935-1A80-3142-8CAC-EAE5811C6683}"
	ProjectSection(ProjectDependencies) = postProject
		{D500C64D-2EDB-31E7-BA20-D251B73C3921} = {D500C64D-2EDB-31E7-BA20-D251B73C3921}
		{906E900D-7DD9-3121-B6B1-32214C026349} = {906E900D-7DD9-3121-B6B1-32214C026349}
		{05CAEBC9-A21B-34CA-9D14-407B4F4D7A98} = {05CAEBC9-A21B-34CA-9D14-407B4F4D7A98}
		{599EF617-AFDF-37E3-9A4B-C69E63F56D51} = {599EF617-AFDF-37E3-9A4B-C69E63F56D51}
	EndProjectSection
EndProject
Project("{8BC9CEB8-8B4A-11D0-8D11-00A0C91BC942}") = "opengl", "examples\opengl\opengl.vcxproj", "{29E9430E-D6F1-3979-9154-18A137819E9E}"
	ProjectSection(ProjectDependencies) = postProject
		{D500C64D-2EDB-31E7-BA20-D251B73C3921} = {D500C64D-2EDB-31E7-BA20-D251B73C3921}
		{906E900D-7DD9-3121-B6B1-32214C026349} = {906E900D-7DD9-3121-B6B1-32214C026349}
		{05CAEBC9-A21B-34CA-9D14-407B4F4D7A98} = {05CAEBC9-A21B-34CA-9D14-407B4F4D7A98}
		{599EF617-AFDF-37E3-9A4B-C69E63F56D51} = {599EF617-AFDF-37E3-9A4B-C69E63F56D51}
	EndProjectSection
EndProject
Project("{8BC9CEB8-8B4A-11D0-8D11-00A0C91BC942}") = "sfml-audio", "src\SFML\Audio\sfml-audio.vcxproj", "{DAA7FE42-CDE7-33EA-9BFC-B810FF9AA9BD}"
	ProjectSection(ProjectDependencies) = postProject
		{D500C64D-2EDB-31E7-BA20-D251B73C3921} = {D500C64D-2EDB-31E7-BA20-D251B73C3921}
		{05CAEBC9-A21B-34CA-9D14-407B4F4D7A98} = {05CAEBC9-A21B-34CA-9D14-407B4F4D7A98}
	EndProjectSection
EndProject
Project("{8BC9CEB8-8B4A-11D0-8D11-00A0C91BC942}") = "sfml-graphics", "src\SFML\Graphics\sfml-graphics.vcxproj", "{906E900D-7DD9-3121-B6B1-32214C026349}"
	ProjectSection(ProjectDependencies) = postProject
		{D500C64D-2EDB-31E7-BA20-D251B73C3921} = {D500C64D-2EDB-31E7-BA20-D251B73C3921}
		{05CAEBC9-A21B-34CA-9D14-407B4F4D7A98} = {05CAEBC9-A21B-34CA-9D14-407B4F4D7A98}
		{599EF617-AFDF-37E3-9A4B-C69E63F56D51} = {599EF617-AFDF-37E3-9A4B-C69E63F56D51}
	EndProjectSection
EndProject
Project("{8BC9CEB8-8B4A-11D0-8D11-00A0C91BC942}") = "sfml-main", "src\SFML\Main\sfml-main.vcxproj", "{268D747D-7451-31AF-964A-89099BBB5C15}"
	ProjectSection(ProjectDependencies) = postProject
		{D500C64D-2EDB-31E7-BA20-D251B73C3921} = {D500C64D-2EDB-31E7-BA20-D251B73C3921}
	EndProjectSection
EndProject
Project("{8BC9CEB8-8B4A-11D0-8D11-00A0C91BC942}") = "sfml-network", "src\SFML\Network\sfml-network.vcxproj", "{473EF0ED-EF3C-353D-AAC0-3A6A016D3CF5}"
	ProjectSection(ProjectDependencies) = postProject
		{D500C64D-2EDB-31E7-BA20-D251B73C3921} = {D500C64D-2EDB-31E7-BA20-D251B73C3921}
		{05CAEBC9-A21B-34CA-9D14-407B4F4D7A98} = {05CAEBC9-A21B-34CA-9D14-407B4F4D7A98}
	EndProjectSection
EndProject
Project("{8BC9CEB8-8B4A-11D0-8D11-00A0C91BC942}") = "sfml-system", "src\SFML\System\sfml-system.vcxproj", "{05CAEBC9-A21B-34CA-9D14-407B4F4D7A98}"
	ProjectSection(ProjectDependencies) = postProject
		{D500C64D-2EDB-31E7-BA20-D251B73C3921} = {D500C64D-2EDB-31E7-BA20-D251B73C3921}
	EndProjectSection
EndProject
Project("{8BC9CEB8-8B4A-11D0-8D11-00A0C91BC942}") = "sfml-window", "src\SFML\Window\sfml-window.vcxproj", "{599EF617-AFDF-37E3-9A4B-C69E63F56D51}"
	ProjectSection(ProjectDependencies) = postProject
		{D500C64D-2EDB-31E7-BA20-D251B73C3921} = {D500C64D-2EDB-31E7-BA20-D251B73C3921}
		{05CAEBC9-A21B-34CA-9D14-407B4F4D7A98} = {05CAEBC9-A21B-34CA-9D14-407B4F4D7A98}
	EndProjectSection
EndProject
Project("{8BC9CEB8-8B4A-11D0-8D11-00A0C91BC942}") = "shader", "examples\shader\shader.vcxproj", "{8F5DE7EA-E139-3D0A-85CA-83665732C4F7}"
	ProjectSection(ProjectDependencies) = postProject
		{D500C64D-2EDB-31E7-BA20-D251B73C3921} = {D500C64D-2EDB-31E7-BA20-D251B73C3921}
		{906E900D-7DD9-3121-B6B1-32214C026349} = {906E900D-7DD9-3121-B6B1-32214C026349}
		{05CAEBC9-A21B-34CA-9D14-407B4F4D7A98} = {05CAEBC9-A21B-34CA-9D14-407B4F4D7A98}
		{599EF617-AFDF-37E3-9A4B-C69E63F56D51} = {599EF617-AFDF-37E3-9A4B-C69E63F56D51}
	EndProjectSection
EndProject
Project("{8BC9CEB8-8B4A-11D0-8D11-00A0C91BC942}") = "sockets", "examples\sockets\sockets.vcxproj", "{B4C9290A-4F7C-31C5-9212-CEE0A1C873A2}"
	ProjectSection(ProjectDependencies) = postProject
		{D500C64D-2EDB-31E7-BA20-D251B73C3921} = {D500C64D-2EDB-31E7-BA20-D251B73C3921}
		{473EF0ED-EF3C-353D-AAC0-3A6A016D3CF5} = {473EF0ED-EF3C-353D-AAC0-3A6A016D3CF5}
		{05CAEBC9-A21B-34CA-9D14-407B4F4D7A98} = {05CAEBC9-A21B-34CA-9D14-407B4F4D7A98}
	EndProjectSection
EndProject
Project("{8BC9CEB8-8B4A-11D0-8D11-00A0C91BC942}") = "sound", "examples\sound\sound.vcxproj", "{53D13035-E356-35C1-BFF9-63C1D56519D8}"
	ProjectSection(ProjectDependencies) = postProject
		{D500C64D-2EDB-31E7-BA20-D251B73C3921} = {D500C64D-2EDB-31E7-BA20-D251B73C3921}
		{DAA7FE42-CDE7-33EA-9BFC-B810FF9AA9BD} = {DAA7FE42-CDE7-33EA-9BFC-B810FF9AA9BD}
		{05CAEBC9-A21B-34CA-9D14-407B4F4D7A98} = {05CAEBC9-A21B-34CA-9D14-407B4F4D7A98}
	EndProjectSection
EndProject
Project("{8BC9CEB8-8B4A-11D0-8D11-00A0C91BC942}") = "sound-capture", "examples\sound_capture\sound-capture.vcxproj", "{CBD65079-7B40-3E7B-980A-881A81A3D672}"
	ProjectSection(ProjectDependencies) = postProject
		{D500C64D-2EDB-31E7-BA20-D251B73C3921} = {D500C64D-2EDB-31E7-BA20-D251B73C3921}
		{DAA7FE42-CDE7-33EA-9BFC-B810FF9AA9BD} = {DAA7FE42-CDE7-33EA-9BFC-B810FF9AA9BD}
		{05CAEBC9-A21B-34CA-9D14-407B4F4D7A98} = {05CAEBC9-A21B-34CA-9D14-407B4F4D7A98}
	EndProjectSection
EndProject
Project("{8BC9CEB8-8B4A-11D0-8D11-00A0C91BC942}") = "tennis", "examples\tennis\tennis.vcxproj", "{2DD97131-AA65-3164-8B6C-561C18FE36E4}"
	ProjectSection(ProjectDependencies) = postProject
		{D500C64D-2EDB-31E7-BA20-D251B73C3921} = {D500C64D-2EDB-31E7-BA20-D251B73C3921}
		{DAA7FE42-CDE7-33EA-9BFC-B810FF9AA9BD} = {DAA7FE42-CDE7-33EA-9BFC-B810FF9AA9BD}
		{906E900D-7DD9-3121-B6B1-32214C026349} = {906E900D-7DD9-3121-B6B1-32214C026349}
		{05CAEBC9-A21B-34CA-9D14-407B4F4D7A98} = {05CAEBC9-A21B-34CA-9D14-407B4F4D7A98}
		{599EF617-AFDF-37E3-9A4B-C69E63F56D51} = {599EF617-AFDF-37E3-9A4B-C69E63F56D51}
	EndProjectSection
EndProject
Project("{8BC9CEB8-8B4A-11D0-8D11-00A0C91BC942}") = "voip", "examples\voip\voip.vcxproj", "{5C498840-5831-397B-89A1-6450AEA2BBC5}"
	ProjectSection(ProjectDependencies) = postProject
		{D500C64D-2EDB-31E7-BA20-D251B73C3921} = {D500C64D-2EDB-31E7-BA20-D251B73C3921}
		{DAA7FE42-CDE7-33EA-9BFC-B810FF9AA9BD} = {DAA7FE42-CDE7-33EA-9BFC-B810FF9AA9BD}
		{473EF0ED-EF3C-353D-AAC0-3A6A016D3CF5} = {473EF0ED-EF3C-353D-AAC0-3A6A016D3CF5}
		{05CAEBC9-A21B-34CA-9D14-407B4F4D7A98} = {05CAEBC9-A21B-34CA-9D14-407B4F4D7A98}
	EndProjectSection
EndProject
Project("{8BC9CEB8-8B4A-11D0-8D11-00A0C91BC942}") = "vulkan", "examples\vulkan\vulkan.vcxproj", "{D0170DB2-6569-3697-9615-15CD19272D60}"
	ProjectSection(ProjectDependencies) = postProject
		{D500C64D-2EDB-31E7-BA20-D251B73C3921} = {D500C64D-2EDB-31E7-BA20-D251B73C3921}
		{906E900D-7DD9-3121-B6B1-32214C026349} = {906E900D-7DD9-3121-B6B1-32214C026349}
		{05CAEBC9-A21B-34CA-9D14-407B4F4D7A98} = {05CAEBC9-A21B-34CA-9D14-407B4F4D7A98}
		{599EF617-AFDF-37E3-9A4B-C69E63F56D51} = {599EF617-AFDF-37E3-9A4B-C69E63F56D51}
	EndProjectSection
EndProject
Project("{8BC9CEB8-8B4A-11D0-8D11-00A0C91BC942}") = "win32", "examples\win32\win32.vcxproj", "{0C7F501C-2103-3DCE-BE08-15E8BF4C1591}"
	ProjectSection(ProjectDependencies) = postProject
		{D500C64D-2EDB-31E7-BA20-D251B73C3921} = {D500C64D-2EDB-31E7-BA20-D251B73C3921}
		{906E900D-7DD9-3121-B6B1-32214C026349} = {906E900D-7DD9-3121-B6B1-32214C026349}
		{05CAEBC9-A21B-34CA-9D14-407B4F4D7A98} = {05CAEBC9-A21B-34CA-9D14-407B4F4D7A98}
		{599EF617-AFDF-37E3-9A4B-C69E63F56D51} = {599EF617-AFDF-37E3-9A4B-C69E63F56D51}
	EndProjectSection
EndProject
Project("{8BC9CEB8-8B4A-11D0-8D11-00A0C91BC942}") = "window", "examples\window\window.vcxproj", "{C10EFE5C-F493-362C-8841-BAE095BB8BC2}"
	ProjectSection(ProjectDependencies) = postProject
		{D500C64D-2EDB-31E7-BA20-D251B73C3921} = {D500C64D-2EDB-31E7-BA20-D251B73C3921}
		{05CAEBC9-A21B-34CA-9D14-407B4F4D7A98} = {05CAEBC9-A21B-34CA-9D14-407B4F4D7A98}
		{599EF617-AFDF-37E3-9A4B-C69E63F56D51} = {599EF617-AFDF-37E3-9A4B-C69E63F56D51}
	EndProjectSection
EndProject
Global
	GlobalSection(SolutionConfigurationPlatforms) = preSolution
		Debug|x64 = Debug|x64
		Release|x64 = Release|x64
		MinSizeRel|x64 = MinSizeRel|x64
		RelWithDebInfo|x64 = RelWithDebInfo|x64
	EndGlobalSection
	GlobalSection(ProjectConfigurationPlatforms) = postSolution
		{6ED19E5A-A5F6-3364-9C33-023739472225}.Debug|x64.ActiveCfg = Debug|x64
		{6ED19E5A-A5F6-3364-9C33-023739472225}.Debug|x64.Build.0 = Debug|x64
		{6ED19E5A-A5F6-3364-9C33-023739472225}.Release|x64.ActiveCfg = Release|x64
		{6ED19E5A-A5F6-3364-9C33-023739472225}.Release|x64.Build.0 = Release|x64
		{6ED19E5A-A5F6-3364-9C33-023739472225}.MinSizeRel|x64.ActiveCfg = MinSizeRel|x64
		{6ED19E5A-A5F6-3364-9C33-023739472225}.MinSizeRel|x64.Build.0 = MinSizeRel|x64
		{6ED19E5A-A5F6-3364-9C33-023739472225}.RelWithDebInfo|x64.ActiveCfg = RelWithDebInfo|x64
		{6ED19E5A-A5F6-3364-9C33-023739472225}.RelWithDebInfo|x64.Build.0 = RelWithDebInfo|x64
		{AF2EE11F-1D6B-37F1-82CC-B955B275D44B}.Debug|x64.ActiveCfg = Debug|x64
		{AF2EE11F-1D6B-37F1-82CC-B955B275D44B}.Release|x64.ActiveCfg = Release|x64
		{AF2EE11F-1D6B-37F1-82CC-B955B275D44B}.MinSizeRel|x64.ActiveCfg = MinSizeRel|x64
		{AF2EE11F-1D6B-37F1-82CC-B955B275D44B}.RelWithDebInfo|x64.ActiveCfg = RelWithDebInfo|x64
		{3DB7ED1A-460E-36D8-9DBC-B9EEDBAAB6F3}.Debug|x64.ActiveCfg = Debug|x64
		{3DB7ED1A-460E-36D8-9DBC-B9EEDBAAB6F3}.Release|x64.ActiveCfg = Release|x64
		{3DB7ED1A-460E-36D8-9DBC-B9EEDBAAB6F3}.MinSizeRel|x64.ActiveCfg = MinSizeRel|x64
		{3DB7ED1A-460E-36D8-9DBC-B9EEDBAAB6F3}.RelWithDebInfo|x64.ActiveCfg = RelWithDebInfo|x64
		{D500C64D-2EDB-31E7-BA20-D251B73C3921}.Debug|x64.ActiveCfg = Debug|x64
		{D500C64D-2EDB-31E7-BA20-D251B73C3921}.Debug|x64.Build.0 = Debug|x64
		{D500C64D-2EDB-31E7-BA20-D251B73C3921}.Release|x64.ActiveCfg = Release|x64
		{D500C64D-2EDB-31E7-BA20-D251B73C3921}.Release|x64.Build.0 = Release|x64
		{D500C64D-2EDB-31E7-BA20-D251B73C3921}.MinSizeRel|x64.ActiveCfg = MinSizeRel|x64
		{D500C64D-2EDB-31E7-BA20-D251B73C3921}.MinSizeRel|x64.Build.0 = MinSizeRel|x64
		{D500C64D-2EDB-31E7-BA20-D251B73C3921}.RelWithDebInfo|x64.ActiveCfg = RelWithDebInfo|x64
		{D500C64D-2EDB-31E7-BA20-D251B73C3921}.RelWithDebInfo|x64.Build.0 = RelWithDebInfo|x64
		{8C7471B4-C86F-3F79-96A6-A27BA542E46F}.Debug|x64.ActiveCfg = Debug|x64
		{8C7471B4-C86F-3F79-96A6-A27BA542E46F}.Debug|x64.Build.0 = Debug|x64
		{8C7471B4-C86F-3F79-96A6-A27BA542E46F}.Release|x64.ActiveCfg = Release|x64
		{8C7471B4-C86F-3F79-96A6-A27BA542E46F}.Release|x64.Build.0 = Release|x64
		{8C7471B4-C86F-3F79-96A6-A27BA542E46F}.MinSizeRel|x64.ActiveCfg = MinSizeRel|x64
		{8C7471B4-C86F-3F79-96A6-A27BA542E46F}.MinSizeRel|x64.Build.0 = MinSizeRel|x64
		{8C7471B4-C86F-3F79-96A6-A27BA542E46F}.RelWithDebInfo|x64.ActiveCfg = RelWithDebInfo|x64
		{8C7471B4-C86F-3F79-96A6-A27BA542E46F}.RelWithDebInfo|x64.Build.0 = RelWithDebInfo|x64
		{E63A9B38-9D89-32FB-B5D4-B25FB44DBEFE}.Debug|x64.ActiveCfg = Debug|x64
		{E63A9B38-9D89-32FB-B5D4-B25FB44DBEFE}.Debug|x64.Build.0 = Debug|x64
		{E63A9B38-9D89-32FB-B5D4-B25FB44DBEFE}.Release|x64.ActiveCfg = Release|x64
		{E63A9B38-9D89-32FB-B5D4-B25FB44DBEFE}.Release|x64.Build.0 = Release|x64
		{E63A9B38-9D89-32FB-B5D4-B25FB44DBEFE}.MinSizeRel|x64.ActiveCfg = MinSizeRel|x64
		{E63A9B38-9D89-32FB-B5D4-B25FB44DBEFE}.MinSizeRel|x64.Build.0 = MinSizeRel|x64
		{E63A9B38-9D89-32FB-B5D4-B25FB44DBEFE}.RelWithDebInfo|x64.ActiveCfg = RelWithDebInfo|x64
		{E63A9B38-9D89-32FB-B5D4-B25FB44DBEFE}.RelWithDebInfo|x64.Build.0 = RelWithDebInfo|x64
		{5BF9A935-1A80-3142-8CAC-EAE5811C6683}.Debug|x64.ActiveCfg = Debug|x64
		{5BF9A935-1A80-3142-8CAC-EAE5811C6683}.Debug|x64.Build.0 = Debug|x64
		{5BF9A935-1A80-3142-8CAC-EAE5811C6683}.Release|x64.ActiveCfg = Release|x64
		{5BF9A935-1A80-3142-8CAC-EAE5811C6683}.Release|x64.Build.0 = Release|x64
		{5BF9A935-1A80-3142-8CAC-EAE5811C6683}.MinSizeRel|x64.ActiveCfg = MinSizeRel|x64
		{5BF9A935-1A80-3142-8CAC-EAE5811C6683}.MinSizeRel|x64.Build.0 = MinSizeRel|x64
		{5BF9A935-1A80-3142-8CAC-EAE5811C6683}.RelWithDebInfo|x64.ActiveCfg = RelWithDebInfo|x64
		{5BF9A935-1A80-3142-8CAC-EAE5811C6683}.RelWithDebInfo|x64.Build.0 = RelWithDebInfo|x64
		{29E9430E-D6F1-3979-9154-18A137819E9E}.Debug|x64.ActiveCfg = Debug|x64
		{29E9430E-D6F1-3979-9154-18A137819E9E}.Debug|x64.Build.0 = Debug|x64
		{29E9430E-D6F1-3979-9154-18A137819E9E}.Release|x64.ActiveCfg = Release|x64
		{29E9430E-D6F1-3979-9154-18A137819E9E}.Release|x64.Build.0 = Release|x64
		{29E9430E-D6F1-3979-9154-18A137819E9E}.MinSizeRel|x64.ActiveCfg = MinSizeRel|x64
		{29E9430E-D6F1-3979-9154-18A137819E9E}.MinSizeRel|x64.Build.0 = MinSizeRel|x64
		{29E9430E-D6F1-3979-9154-18A137819E9E}.RelWithDebInfo|x64.ActiveCfg = RelWithDebInfo|x64
		{29E9430E-D6F1-3979-9154-18A137819E9E}.RelWithDebInfo|x64.Build.0 = RelWithDebInfo|x64
		{DAA7FE42-CDE7-33EA-9BFC-B810FF9AA9BD}.Debug|x64.ActiveCfg = Debug|x64
		{DAA7FE42-CDE7-33EA-9BFC-B810FF9AA9BD}.Debug|x64.Build.0 = Debug|x64
		{DAA7FE42-CDE7-33EA-9BFC-B810FF9AA9BD}.Release|x64.ActiveCfg = Release|x64
		{DAA7FE42-CDE7-33EA-9BFC-B810FF9AA9BD}.Release|x64.Build.0 = Release|x64
		{DAA7FE42-CDE7-33EA-9BFC-B810FF9AA9BD}.MinSizeRel|x64.ActiveCfg = MinSizeRel|x64
		{DAA7FE42-CDE7-33EA-9BFC-B810FF9AA9BD}.MinSizeRel|x64.Build.0 = MinSizeRel|x64
		{DAA7FE42-CDE7-33EA-9BFC-B810FF9AA9BD}.RelWithDebInfo|x64.ActiveCfg = RelWithDebInfo|x64
		{DAA7FE42-CDE7-33EA-9BFC-B810FF9AA9BD}.RelWithDebInfo|x64.Build.0 = RelWithDebInfo|x64
		{906E900D-7DD9-3121-B6B1-32214C026349}.Debug|x64.ActiveCfg = Debug|x64
		{906E900D-7DD9-3121-B6B1-32214C026349}.Debug|x64.Build.0 = Debug|x64
		{906E900D-7DD9-3121-B6B1-32214C026349}.Release|x64.ActiveCfg = Release|x64
		{906E900D-7DD9-3121-B6B1-32214C026349}.Release|x64.Build.0 = Release|x64
		{906E900D-7DD9-3121-B6B1-32214C026349}.MinSizeRel|x64.ActiveCfg = MinSizeRel|x64
		{906E900D-7DD9-3121-B6B1-32214C026349}.MinSizeRel|x64.Build.0 = MinSizeRel|x64
		{906E900D-7DD9-3121-B6B1-32214C026349}.RelWithDebInfo|x64.ActiveCfg = RelWithDebInfo|x64
		{906E900D-7DD9-3121-B6B1-32214C026349}.RelWithDebInfo|x64.Build.0 = RelWithDebInfo|x64
		{268D747D-7451-31AF-964A-89099BBB5C15}.Debug|x64.ActiveCfg = Debug|x64
		{268D747D-7451-31AF-964A-89099BBB5C15}.Debug|x64.Build.0 = Debug|x64
		{268D747D-7451-31AF-964A-89099BBB5C15}.Release|x64.ActiveCfg = Release|x64
		{268D747D-7451-31AF-964A-89099BBB5C15}.Release|x64.Build.0 = Release|x64
		{268D747D-7451-31AF-964A-89099BBB5C15}.MinSizeRel|x64.ActiveCfg = MinSizeRel|x64
		{268D747D-7451-31AF-964A-89099BBB5C15}.MinSizeRel|x64.Build.0 = MinSizeRel|x64
		{268D747D-7451-31AF-964A-89099BBB5C15}.RelWithDebInfo|x64.ActiveCfg = RelWithDebInfo|x64
		{268D747D-7451-31AF-964A-89099BBB5C15}.RelWithDebInfo|x64.Build.0 = RelWithDebInfo|x64
		{473EF0ED-EF3C-353D-AAC0-3A6A016D3CF5}.Debug|x64.ActiveCfg = Debug|x64
		{473EF0ED-EF3C-353D-AAC0-3A6A016D3CF5}.Debug|x64.Build.0 = Debug|x64
		{473EF0ED-EF3C-353D-AAC0-3A6A016D3CF5}.Release|x64.ActiveCfg = Release|x64
		{473EF0ED-EF3C-353D-AAC0-3A6A016D3CF5}.Release|x64.Build.0 = Release|x64
		{473EF0ED-EF3C-353D-AAC0-3A6A016D3CF5}.MinSizeRel|x64.ActiveCfg = MinSizeRel|x64
		{473EF0ED-EF3C-353D-AAC0-3A6A016D3CF5}.MinSizeRel|x64.Build.0 = MinSizeRel|x64
		{473EF0ED-EF3C-353D-AAC0-3A6A016D3CF5}.RelWithDebInfo|x64.ActiveCfg = RelWithDebInfo|x64
		{473EF0ED-EF3C-353D-AAC0-3A6A016D3CF5}.RelWithDebInfo|x64.Build.0 = RelWithDebInfo|x64
		{05CAEBC9-A21B-34CA-9D14-407B4F4D7A98}.Debug|x64.ActiveCfg = Debug|x64
		{05CAEBC9-A21B-34CA-9D14-407B4F4D7A98}.Debug|x64.Build.0 = Debug|x64
		{05CAEBC9-A21B-34CA-9D14-407B4F4D7A98}.Release|x64.ActiveCfg = Release|x64
		{05CAEBC9-A21B-34CA-9D14-407B4F4D7A98}.Release|x64.Build.0 = Release|x64
		{05CAEBC9-A21B-34CA-9D14-407B4F4D7A98}.MinSizeRel|x64.ActiveCfg = MinSizeRel|x64
		{05CAEBC9-A21B-34CA-9D14-407B4F4D7A98}.MinSizeRel|x64.Build.0 = MinSizeRel|x64
		{05CAEBC9-A21B-34CA-9D14-407B4F4D7A98}.RelWithDebInfo|x64.ActiveCfg = RelWithDebInfo|x64
		{05CAEBC9-A21B-34CA-9D14-407B4F4D7A98}.RelWithDebInfo|x64.Build.0 = RelWithDebInfo|x64
		{599EF617-AFDF-37E3-9A4B-C69E63F56D51}.Debug|x64.ActiveCfg = Debug|x64
		{599EF617-AFDF-37E3-9A4B-C69E63F56D51}.Debug|x64.Build.0 = Debug|x64
		{599EF617-AFDF-37E3-9A4B-C69E63F56D51}.Release|x64.ActiveCfg = Release|x64
		{599EF617-AFDF-37E3-9A4B-C69E63F56D51}.Release|x64.Build.0 = Release|x64
		{599EF617-AFDF-37E3-9A4B-C69E63F56D51}.MinSizeRel|x64.ActiveCfg = MinSizeRel|x64
		{599EF617-AFDF-37E3-9A4B-C69E63F56D51}.MinSizeRel|x64.Build.0 = MinSizeRel|x64
		{599EF617-AFDF-37E3-9A4B-C69E63F56D51}.RelWithDebInfo|x64.ActiveCfg = RelWithDebInfo|x64
		{599EF617-AFDF-37E3-9A4B-C69E63F56D51}.RelWithDebInfo|x64.Build.0 = RelWithDebInfo|x64
		{8F5DE7EA-E139-3D0A-85CA-83665732C4F7}.Debug|x64.ActiveCfg = Debug|x64
		{8F5DE7EA-E139-3D0A-85CA-83665732C4F7}.Debug|x64.Build.0 = Debug|x64
		{8F5DE7EA-E139-3D0A-85CA-83665732C4F7}.Release|x64.ActiveCfg = Release|x64
		{8F5DE7EA-E139-3D0A-85CA-83665732C4F7}.Release|x64.Build.0 = Release|x64
		{8F5DE7EA-E139-3D0A-85CA-83665732C4F7}.MinSizeRel|x64.ActiveCfg = MinSizeRel|x64
		{8F5DE7EA-E139-3D0A-85CA-83665732C4F7}.MinSizeRel|x64.Build.0 = MinSizeRel|x64
		{8F5DE7EA-E139-3D0A-85CA-83665732C4F7}.RelWithDebInfo|x64.ActiveCfg = RelWithDebInfo|x64
		{8F5DE7EA-E139-3D0A-85CA-83665732C4F7}.RelWithDebInfo|x64.Build.0 = RelWithDebInfo|x64
		{B4C9290A-4F7C-31C5-9212-CEE0A1C873A2}.Debug|x64.ActiveCfg = Debug|x64
		{B4C9290A-4F7C-31C5-9212-CEE0A1C873A2}.Debug|x64.Build.0 = Debug|x64
		{B4C9290A-4F7C-31C5-9212-CEE0A1C873A2}.Release|x64.ActiveCfg = Release|x64
		{B4C9290A-4F7C-31C5-9212-CEE0A1C873A2}.Release|x64.Build.0 = Release|x64
		{B4C9290A-4F7C-31C5-9212-CEE0A1C873A2}.MinSizeRel|x64.ActiveCfg = MinSizeRel|x64
		{B4C9290A-4F7C-31C5-9212-CEE0A1C873A2}.MinSizeRel|x64.Build.0 = MinSizeRel|x64
		{B4C9290A-4F7C-31C5-9212-CEE0A1C873A2}.RelWithDebInfo|x64.ActiveCfg = RelWithDebInfo|x64
		{B4C9290A-4F7C-31C5-9212-CEE0A1C873A2}.RelWithDebInfo|x64.Build.0 = RelWithDebInfo|x64
		{53D13035-E356-35C1-BFF9-63C1D56519D8}.Debug|x64.ActiveCfg = Debug|x64
		{53D13035-E356-35C1-BFF9-63C1D56519D8}.Debug|x64.Build.0 = Debug|x64
		{53D13035-E356-35C1-BFF9-63C1D56519D8}.Release|x64.ActiveCfg = Release|x64
		{53D13035-E356-35C1-BFF9-63C1D56519D8}.Release|x64.Build.0 = Release|x64
		{53D13035-E356-35C1-BFF9-63C1D56519D8}.MinSizeRel|x64.ActiveCfg = MinSizeRel|x64
		{53D13035-E356-35C1-BFF9-63C1D56519D8}.MinSizeRel|x64.Build.0 = MinSizeRel|x64
		{53D13035-E356-35C1-BFF9-63C1D56519D8}.RelWithDebInfo|x64.ActiveCfg = RelWithDebInfo|x64
		{53D13035-E356-35C1-BFF9-63C1D56519D8}.RelWithDebInfo|x64.Build.0 = RelWithDebInfo|x64
		{CBD65079-7B40-3E7B-980A-881A81A3D672}.Debug|x64.ActiveCfg = Debug|x64
		{CBD65079-7B40-3E7B-980A-881A81A3D672}.Debug|x64.Build.0 = Debug|x64
		{CBD65079-7B40-3E7B-980A-881A81A3D672}.Release|x64.ActiveCfg = Release|x64
		{CBD65079-7B40-3E7B-980A-881A81A3D672}.Release|x64.Build.0 = Release|x64
		{CBD65079-7B40-3E7B-980A-881A81A3D672}.MinSizeRel|x64.ActiveCfg = MinSizeRel|x64
		{CBD65079-7B40-3E7B-980A-881A81A3D672}.MinSizeRel|x64.Build.0 = MinSizeRel|x64
		{CBD65079-7B40-3E7B-980A-881A81A3D672}.RelWithDebInfo|x64.ActiveCfg = RelWithDebInfo|x64
		{CBD65079-7B40-3E7B-980A-881A81A3D672}.RelWithDebInfo|x64.Build.0 = RelWithDebInfo|x64
		{2DD97131-AA65-3164-8B6C-561C18FE36E4}.Debug|x64.ActiveCfg = Debug|x64
		{2DD97131-AA65-3164-8B6C-561C18FE36E4}.Debug|x64.Build.0 = Debug|x64
		{2DD97131-AA65-3164-8B6C-561C18FE36E4}.Release|x64.ActiveCfg = Release|x64
		{2DD97131-AA65-3164-8B6C-561C18FE36E4}.Release|x64.Build.0 = Release|x64
		{2DD97131-AA65-3164-8B6C-561C18FE36E4}.MinSizeRel|x64.ActiveCfg = MinSizeRel|x64
		{2DD97131-AA65-3164-8B6C-561C18FE36E4}.MinSizeRel|x64.Build.0 = MinSizeRel|x64
		{2DD97131-AA65-3164-8B6C-561C18FE36E4}.RelWithDebInfo|x64.ActiveCfg = RelWithDebInfo|x64
		{2DD97131-AA65-3164-8B6C-561C18FE36E4}.RelWithDebInfo|x64.Build.0 = RelWithDebInfo|x64
		{5C498840-5831-397B-89A1-6450AEA2BBC5}.Debug|x64.ActiveCfg = Debug|x64
		{5C498840-5831-397B-89A1-6450AEA2BBC5}.Debug|x64.Build.0 = Debug|x64
		{5C498840-5831-397B-89A1-6450AEA2BBC5}.Release|x64.ActiveCfg = Release|x64
		{5C498840-5831-397B-89A1-6450AEA2BBC5}.Release|x64.Build.0 = Release|x64
		{5C498840-5831-397B-89A1-6450AEA2BBC5}.MinSizeRel|x64.ActiveCfg = MinSizeRel|x64
		{5C498840-5831-397B-89A1-6450AEA2BBC5}.MinSizeRel|x64.Build.0 = MinSizeRel|x64
		{5C498840-5831-397B-89A1-6450AEA2BBC5}.RelWithDebInfo|x64.ActiveCfg = RelWithDebInfo|x64
		{5C498840-5831-397B-89A1-6450AEA2BBC5}.RelWithDebInfo|x64.Build.0 = RelWithDebInfo|x64
		{D0170DB2-6569-3697-9615-15CD19272D60}.Debug|x64.ActiveCfg = Debug|x64
		{D0170DB2-6569-3697-9615-15CD19272D60}.Debug|x64.Build.0 = Debug|x64
		{D0170DB2-6569-3697-9615-15CD19272D60}.Release|x64.ActiveCfg = Release|x64
		{D0170DB2-6569-3697-9615-15CD19272D60}.Release|x64.Build.0 = Release|x64
		{D0170DB2-6569-3697-9615-15CD19272D60}.MinSizeRel|x64.ActiveCfg = MinSizeRel|x64
		{D0170DB2-6569-3697-9615-15CD19272D60}.MinSizeRel|x64.Build.0 = MinSizeRel|x64
		{D0170DB2-6569-3697-9615-15CD19272D60}.RelWithDebInfo|x64.ActiveCfg = RelWithDebInfo|x64
		{D0170DB2-6569-3697-9615-15CD19272D60}.RelWithDebInfo|x64.Build.0 = RelWithDebInfo|x64
		{0C7F501C-2103-3DCE-BE08-15E8BF4C1591}.Debug|x64.ActiveCfg = Debug|x64
		{0C7F501C-2103-3DCE-BE08-15E8BF4C1591}.Debug|x64.Build.0 = Debug|x64
		{0C7F501C-2103-3DCE-BE08-15E8BF4C1591}.Release|x64.ActiveCfg = Release|x64
		{0C7F501C-2103-3DCE-BE08-15E8BF4C1591}.Release|x64.Build.0 = Release|x64
		{0C7F501C-2103-3DCE-BE08-15E8BF4C1591}.MinSizeRel|x64.ActiveCfg = MinSizeRel|x64
		{0C7F501C-2103-3DCE-BE08-15E8BF4C1591}.MinSizeRel|x64.Build.0 = MinSizeRel|x64
		{0C7F501C-2103-3DCE-BE08-15E8BF4C1591}.RelWithDebInfo|x64.ActiveCfg = RelWithDebInfo|x64
		{0C7F501C-2103-3DCE-BE08-15E8BF4C1591}.RelWithDebInfo|x64.Build.0 = RelWithDebInfo|x64
		{C10EFE5C-F493-362C-8841-BAE095BB8BC2}.Debug|x64.ActiveCfg = Debug|x64
		{C10EFE5C-F493-362C-8841-BAE095BB8BC2}.Debug|x64.Build.0 = Debug|x64
		{C10EFE5C-F493-362C-8841-BAE095BB8BC2}.Release|x64.ActiveCfg = Release|x64
		{C10EFE5C-F493-362C-8841-BAE095BB8BC2}.Release|x64.Build.0 = Release|x64
		{C10EFE5C-F493-362C-8841-BAE095BB8BC2}.MinSizeRel|x64.ActiveCfg = MinSizeRel|x64
		{C10EFE5C-F493-362C-8841-BAE095BB8BC2}.MinSizeRel|x64.Build.0 = MinSizeRel|x64
		{C10EFE5C-F493-362C-8841-BAE095BB8BC2}.RelWithDebInfo|x64.ActiveCfg = RelWithDebInfo|x64
		{C10EFE5C-F493-362C-8841-BAE095BB8BC2}.RelWithDebInfo|x64.Build.0 = RelWithDebInfo|x64
	EndGlobalSection
	GlobalSection(NestedProjects) = preSolution
		{6ED19E5A-A5F6-3364-9C33-023739472225} = {3D03FADB-370C-337E-8607-CF7524F495EE}
		{AF2EE11F-1D6B-37F1-82CC-B955B275D44B} = {3D03FADB-370C-337E-8607-CF7524F495EE}
		{3DB7ED1A-460E-36D8-9DBC-B9EEDBAAB6F3} = {3D03FADB-370C-337E-8607-CF7524F495EE}
		{D500C64D-2EDB-31E7-BA20-D251B73C3921} = {3D03FADB-370C-337E-8607-CF7524F495EE}
		{8C7471B4-C86F-3F79-96A6-A27BA542E46F} = {7AD1A3AB-6C7D-333D-A234-7A95C4F646FF}
		{E63A9B38-9D89-32FB-B5D4-B25FB44DBEFE} = {7AD1A3AB-6C7D-333D-A234-7A95C4F646FF}
		{5BF9A935-1A80-3142-8CAC-EAE5811C6683} = {7AD1A3AB-6C7D-333D-A234-7A95C4F646FF}
		{29E9430E-D6F1-3979-9154-18A137819E9E} = {7AD1A3AB-6C7D-333D-A234-7A95C4F646FF}
		{8F5DE7EA-E139-3D0A-85CA-83665732C4F7} = {7AD1A3AB-6C7D-333D-A234-7A95C4F646FF}
		{B4C9290A-4F7C-31C5-9212-CEE0A1C873A2} = {7AD1A3AB-6C7D-333D-A234-7A95C4F646FF}
		{53D13035-E356-35C1-BFF9-63C1D56519D8} = {7AD1A3AB-6C7D-333D-A234-7A95C4F646FF}
		{CBD65079-7B40-3E7B-980A-881A81A3D672} = {7AD1A3AB-6C7D-333D-A234-7A95C4F646FF}
		{2DD97131-AA65-3164-8B6C-561C18FE36E4} = {7AD1A3AB-6C7D-333D-A234-7A95C4F646FF}
		{5C498840-5831-397B-89A1-6450AEA2BBC5} = {7AD1A3AB-6C7D-333D-A234-7A95C4F646FF}
		{D0170DB2-6569-3697-9615-15CD19272D60} = {7AD1A3AB-6C7D-333D-A234-7A95C4F646FF}
		{0C7F501C-2103-3DCE-BE08-15E8BF4C1591} = {7AD1A3AB-6C7D-333D-A234-7A95C4F646FF}
		{C10EFE5C-F493-362C-8841-BAE095BB8BC2} = {7AD1A3AB-6C7D-333D-A234-7A95C4F646FF}
		{DAA7FE42-CDE7-33EA-9BFC-B810FF9AA9BD} = {D60C6208-43DF-3851-A5A5-E8755C2EFA88}
		{906E900D-7DD9-3121-B6B1-32214C026349} = {D60C6208-43DF-3851-A5A5-E8755C2EFA88}
		{268D747D-7451-31AF-964A-89099BBB5C15} = {D60C6208-43DF-3851-A5A5-E8755C2EFA88}
		{473EF0ED-EF3C-353D-AAC0-3A6A016D3CF5} = {D60C6208-43DF-3851-A5A5-E8755C2EFA88}
		{05CAEBC9-A21B-34CA-9D14-407B4F4D7A98} = {D60C6208-43DF-3851-A5A5-E8755C2EFA88}
		{599EF617-AFDF-37E3-9A4B-C69E63F56D51} = {D60C6208-43DF-3851-A5A5-E8755C2EFA88}
	EndGlobalSection
	GlobalSection(ExtensibilityGlobals) = postSolution
		SolutionGuid = {E4A4749E-C3CE-3D36-BBD7-AD9A843EAB5E}
	EndGlobalSection
	GlobalSection(ExtensibilityAddIns) = postSolution
	EndGlobalSection
EndGlobal
