<?xml version="1.0" encoding="utf-8"?>
<Project ToolsVersion="17.0" xmlns="http://schemas.microsoft.com/developer/msbuild/2003">
  <ItemGroup>
    <ClCompile Include="C:\Users\OlehDvyhan\Downloads\SFML-2.6.0-sources\SFML-2.6.0\examples\joystick\Joystick.cpp" />
  </ItemGroup>
  <ItemGroup>
    <CustomBuild Include="C:\Users\OlehDvyhan\Downloads\SFML-2.6.0-sources\SFML-2.6.0\examples\joystick\CMakeLists.txt" />
  </ItemGroup>
  <ItemGroup>
  </ItemGroup>
</Project>
